
Microsoft Visual Studio Solution File, Format Version 12.00
# Visual Studio Version 17
VisualStudioVersion = 17.13.35913.81 d17.13
MinimumVisualStudioVersion = 10.0.40219.1
Project("{FAE04EC0-301F-11D3-BF4B-00C04F79EFBC}") = "ShoeMoneyAPI", "ShoeMoneyAPI.csproj", "{9110CA76-4EE3-2D50-7123-7B5D11BB62B8}"
EndProject
Global
	GlobalSection(SolutionConfigurationPlatforms) = preSolution
		Debug|Any CPU = Debug|Any CPU
		Release|Any CPU = Release|Any CPU
	EndGlobalSection
	GlobalSection(ProjectConfigurationPlatforms) = postSolution
		{9110CA76-4EE3-2D50-7123-7B5D11BB62B8}.Debug|Any CPU.ActiveCfg = Debug|Any CPU
		{9110CA76-4EE3-2D50-7123-7B5D11BB62B8}.Debug|Any CPU.Build.0 = Debug|Any CPU
		{9110CA76-4EE3-2D50-7123-7B5D11BB62B8}.Release|Any CPU.ActiveCfg = Release|Any CPU
		{9110CA76-4EE3-2D50-7123-7B5D11BB62B8}.Release|Any CPU.Build.0 = Release|Any CPU
	EndGlobalSection
	GlobalSection(SolutionProperties) = preSolution
		HideSolutionNode = FALSE
	EndGlobalSection
	GlobalSection(ExtensibilityGlobals) = postSolution
		SolutionGuid = {DFACB56D-431F-4CFF-A720-D714FBBE9ADC}
	EndGlobalSection
EndGlobal
